
Microsoft Visual Studio Solution File, Format Version 12.00
# Visual Studio Version 16
VisualStudioVersion = 16.0.29503.13
MinimumVisualStudioVersion = 10.0.40219.1
Project("{FAE04EC0-301F-11D3-BF4B-00C04F79EFBC}") = "Kubernetes1", "Kubernetes1\Kubernetes1.csproj", "{548DB77E-E6B4-4D8D-B432-8F2669BCA598}"
EndProject
Global
	GlobalSection(SolutionConfigurationPlatforms) = preSolution
		Debug|Any CPU = Debug|Any CPU
		Release|Any CPU = Release|Any CPU
	EndGlobalSection
	GlobalSection(ProjectConfigurationPlatforms) = postSolution
		{548DB77E-E6B4-4D8D-B432-8F2669BCA598}.Debug|Any CPU.ActiveCfg = Debug|Any CPU
		{548DB77E-E6B4-4D8D-B432-8F2669BCA598}.Debug|Any CPU.Build.0 = Debug|Any CPU
		{548DB77E-E6B4-4D8D-B432-8F2669BCA598}.Release|Any CPU.ActiveCfg = Release|Any CPU
		{548DB77E-E6B4-4D8D-B432-8F2669BCA598}.Release|Any CPU.Build.0 = Release|Any CPU
	EndGlobalSection
	GlobalSection(SolutionProperties) = preSolution
		HideSolutionNode = FALSE
	EndGlobalSection
	GlobalSection(ExtensibilityGlobals) = postSolution
		SolutionGuid = {B34590B7-6CBC-48CF-B0BA-999AD5D2B027}
	EndGlobalSection
EndGlobal
